
Microsoft Visual Studio Solution File, Format Version 12.00
# Visual Studio Version 17
VisualStudioVersion = 17.5.33516.290
MinimumVisualStudioVersion = 10.0.40219.1
Project("{FAE04EC0-301F-11D3-BF4B-00C04F79EFBC}") = "Builder", "Builder\Builder.csproj", "{6193C50E-7CC4-4D51-A9DF-948E47AC596A}"
EndProject
Global
	GlobalSection(SolutionConfigurationPlatforms) = preSolution
		Debug|Any CPU = Debug|Any CPU
		Release|Any CPU = Release|Any CPU
	EndGlobalSection
	GlobalSection(ProjectConfigurationPlatforms) = postSolution
		{6193C50E-7CC4-4D51-A9DF-948E47AC596A}.Debug|Any CPU.ActiveCfg = Debug|Any CPU
		{6193C50E-7CC4-4D51-A9DF-948E47AC596A}.Debug|Any CPU.Build.0 = Debug|Any CPU
		{6193C50E-7CC4-4D51-A9DF-948E47AC596A}.Release|Any CPU.ActiveCfg = Release|Any CPU
		{6193C50E-7CC4-4D51-A9DF-948E47AC596A}.Release|Any CPU.Build.0 = Release|Any CPU
	EndGlobalSection
	GlobalSection(SolutionProperties) = preSolution
		HideSolutionNode = FALSE
	EndGlobalSection
	GlobalSection(ExtensibilityGlobals) = postSolution
		SolutionGuid = {CA09225B-A921-407B-8DBE-F463DAA6B9ED}
	EndGlobalSection
EndGlobal
